// !$*UTF8*$!
{
	archiveVersion = 1;
	classes = {
	};
	objectVersion = 56;
	objects = {

/* Begin PBXBuildFile section */
		000913752DD7BA9B008A70D2 /* APIService.swift in Sources */ = {isa = PBXBuildFile; fileRef = 000913742DD7BA9B008A70D2 /* APIService.swift */; };
		000913772DD7BAF2008A70D2 /* CommonService.swift in Sources */ = {isa = PBXBuildFile; fileRef = 000913762DD7BAF2008A70D2 /* CommonService.swift */; };
		000913792DD7BC8C008A70D2 /* MovieAPIModel.swift in Sources */ = {isa = PBXBuildFile; fileRef = 000913782DD7BC8C008A70D2 /* MovieAPIModel.swift */; };
		007903632DDB650600515AB5 /* DetailStateViewManager.swift in Sources */ = {isa = PBXBuildFile; fileRef = 007903622DDB650500515AB5 /* DetailStateViewManager.swift */; };
		008147CA2DDA66BE0036F671 /* MovieDetailViewController.swift in Sources */ = {isa = PBXBuildFile; fileRef = 008147C92DDA66BE0036F671 /* MovieDetailViewController.swift */; };
		008147CC2DDA6DB60036F671 /* MovieDetailContentView.swift in Sources */ = {isa = PBXBuildFile; fileRef = 008147CB2DDA6DB60036F671 /* MovieDetailContentView.swift */; };
		008147CF2DDA71D20036F671 /* Coordinator.swift in Sources */ = {isa = PBXBuildFile; fileRef = 008147CE2DDA71D10036F671 /* Coordinator.swift */; };
		008147D12DDA72340036F671 /* MovieListCoordinator.swift in Sources */ = {isa = PBXBuildFile; fileRef = 008147D02DDA72340036F671 /* MovieListCoordinator.swift */; };
		008B51362DDAB4BD0023EA6D /* EmptyStateView.swift in Sources */ = {isa = PBXBuildFile; fileRef = 008B51352DDAB4BD0023EA6D /* EmptyStateView.swift */; };
		008B51392DDABA3D0023EA6D /* ViewState.swift in Sources */ = {isa = PBXBuildFile; fileRef = 008B51382DDABA3D0023EA6D /* ViewState.swift */; };
		008B513B2DDABAE50023EA6D /* StateViewManager.swift in Sources */ = {isa = PBXBuildFile; fileRef = 008B513A2DDABAE50023EA6D /* StateViewManager.swift */; };
		009295462DD7B26F00057884 /* AppDelegate.swift in Sources */ = {isa = PBXBuildFile; fileRef = 009295452DD7B26F00057884 /* AppDelegate.swift */; };
		009295482DD7B26F00057884 /* SceneDelegate.swift in Sources */ = {isa = PBXBuildFile; fileRef = 009295472DD7B26F00057884 /* SceneDelegate.swift */; };
		0092954F2DD7B27100057884 /* Assets.xcassets in Resources */ = {isa = PBXBuildFile; fileRef = 0092954E2DD7B27100057884 /* Assets.xcassets */; };
		00AC567C2DDAB086005400C2 /* UIView+Extension.swift in Sources */ = {isa = PBXBuildFile; fileRef = 00AC567B2DDAB086005400C2 /* UIView+Extension.swift */; };
		00BAB5DA2DDB89CE007D3884 /* JSONCache.swift in Sources */ = {isa = PBXBuildFile; fileRef = 00BAB5D92DDB89CE007D3884 /* JSONCache.swift */; };
		00BAB5DC2DDBEC44007D3884 /* MovieDetailCache.swift in Sources */ = {isa = PBXBuildFile; fileRef = 00BAB5DB2DDBEC44007D3884 /* MovieDetailCache.swift */; };
		00D9ED7D2DD7D67E0071B9D6 /* MovieItemView.swift in Sources */ = {isa = PBXBuildFile; fileRef = 00D9ED7C2DD7D67E0071B9D6 /* MovieItemView.swift */; };
		00D9ED7F2DD7E1980071B9D6 /* MovieViewModel.swift in Sources */ = {isa = PBXBuildFile; fileRef = 00D9ED7E2DD7E1980071B9D6 /* MovieViewModel.swift */; };
		00D9ED812DD7E3D40071B9D6 /* MovieTableViewCell.swift in Sources */ = {isa = PBXBuildFile; fileRef = 00D9ED802DD7E3D40071B9D6 /* MovieTableViewCell.swift */; };
		00D9ED832DD8C9D80071B9D6 /* MovieListViewController.swift in Sources */ = {isa = PBXBuildFile; fileRef = 00D9ED822DD8C9D80071B9D6 /* MovieListViewController.swift */; };
		00D9ED852DD8CD090071B9D6 /* MovieListViewModel.swift in Sources */ = {isa = PBXBuildFile; fileRef = 00D9ED842DD8CD090071B9D6 /* MovieListViewModel.swift */; };
/* End PBXBuildFile section */

/* Begin PBXFileReference section */
		000913742DD7BA9B008A70D2 /* APIService.swift */ = {isa = PBXFileReference; lastKnownFileType = sourcecode.swift; path = APIService.swift; sourceTree = "<group>"; };
		000913762DD7BAF2008A70D2 /* CommonService.swift */ = {isa = PBXFileReference; lastKnownFileType = sourcecode.swift; path = CommonService.swift; sourceTree = "<group>"; };
		000913782DD7BC8C008A70D2 /* MovieAPIModel.swift */ = {isa = PBXFileReference; lastKnownFileType = sourcecode.swift; path = MovieAPIModel.swift; sourceTree = "<group>"; };
		007903622DDB650500515AB5 /* DetailStateViewManager.swift */ = {isa = PBXFileReference; lastKnownFileType = sourcecode.swift; path = DetailStateViewManager.swift; sourceTree = "<group>"; };
		008147C92DDA66BE0036F671 /* MovieDetailViewController.swift */ = {isa = PBXFileReference; lastKnownFileType = sourcecode.swift; path = MovieDetailViewController.swift; sourceTree = "<group>"; };
		008147CB2DDA6DB60036F671 /* MovieDetailContentView.swift */ = {isa = PBXFileReference; lastKnownFileType = sourcecode.swift; path = MovieDetailContentView.swift; sourceTree = "<group>"; };
		008147CE2DDA71D10036F671 /* Coordinator.swift */ = {isa = PBXFileReference; lastKnownFileType = sourcecode.swift; path = Coordinator.swift; sourceTree = "<group>"; };
		008147D02DDA72340036F671 /* MovieListCoordinator.swift */ = {isa = PBXFileReference; lastKnownFileType = sourcecode.swift; path = MovieListCoordinator.swift; sourceTree = "<group>"; };
		008B51352DDAB4BD0023EA6D /* EmptyStateView.swift */ = {isa = PBXFileReference; lastKnownFileType = sourcecode.swift; path = EmptyStateView.swift; sourceTree = "<group>"; };
		008B51382DDABA3D0023EA6D /* ViewState.swift */ = {isa = PBXFileReference; lastKnownFileType = sourcecode.swift; path = ViewState.swift; sourceTree = "<group>"; };
		008B513A2DDABAE50023EA6D /* StateViewManager.swift */ = {isa = PBXFileReference; lastKnownFileType = sourcecode.swift; path = StateViewManager.swift; sourceTree = "<group>"; };
		009295422DD7B26F00057884 /* StudioGhibliApp.app */ = {isa = PBXFileReference; explicitFileType = wrapper.application; includeInIndex = 0; path = StudioGhibliApp.app; sourceTree = BUILT_PRODUCTS_DIR; };
		009295452DD7B26F00057884 /* AppDelegate.swift */ = {isa = PBXFileReference; lastKnownFileType = sourcecode.swift; path = AppDelegate.swift; sourceTree = "<group>"; };
		009295472DD7B26F00057884 /* SceneDelegate.swift */ = {isa = PBXFileReference; lastKnownFileType = sourcecode.swift; path = SceneDelegate.swift; sourceTree = "<group>"; };
		0092954E2DD7B27100057884 /* Assets.xcassets */ = {isa = PBXFileReference; lastKnownFileType = folder.assetcatalog; path = Assets.xcassets; sourceTree = "<group>"; };
		009295532DD7B27100057884 /* Info.plist */ = {isa = PBXFileReference; lastKnownFileType = text.plist.xml; path = Info.plist; sourceTree = "<group>"; };
		00AC567B2DDAB086005400C2 /* UIView+Extension.swift */ = {isa = PBXFileReference; lastKnownFileType = sourcecode.swift; path = "UIView+Extension.swift"; sourceTree = "<group>"; };
		00BAB5D92DDB89CE007D3884 /* JSONCache.swift */ = {isa = PBXFileReference; lastKnownFileType = sourcecode.swift; path = JSONCache.swift; sourceTree = "<group>"; };
		00BAB5DB2DDBEC44007D3884 /* MovieDetailCache.swift */ = {isa = PBXFileReference; lastKnownFileType = sourcecode.swift; path = MovieDetailCache.swift; sourceTree = "<group>"; };
		00D9ED7C2DD7D67E0071B9D6 /* MovieItemView.swift */ = {isa = PBXFileReference; lastKnownFileType = sourcecode.swift; path = MovieItemView.swift; sourceTree = "<group>"; };
		00D9ED7E2DD7E1980071B9D6 /* MovieViewModel.swift */ = {isa = PBXFileReference; lastKnownFileType = sourcecode.swift; path = MovieViewModel.swift; sourceTree = "<group>"; };
		00D9ED802DD7E3D40071B9D6 /* MovieTableViewCell.swift */ = {isa = PBXFileReference; lastKnownFileType = sourcecode.swift; path = MovieTableViewCell.swift; sourceTree = "<group>"; };
		00D9ED822DD8C9D80071B9D6 /* MovieListViewController.swift */ = {isa = PBXFileReference; lastKnownFileType = sourcecode.swift; path = MovieListViewController.swift; sourceTree = "<group>"; };
		00D9ED842DD8CD090071B9D6 /* MovieListViewModel.swift */ = {isa = PBXFileReference; lastKnownFileType = sourcecode.swift; path = MovieListViewModel.swift; sourceTree = "<group>"; };
/* End PBXFileReference section */

/* Begin PBXFrameworksBuildPhase section */
		0092953F2DD7B26E00057884 /* Frameworks */ = {
			isa = PBXFrameworksBuildPhase;
			buildActionMask = 2147483647;
			files = (
			);
			runOnlyForDeploymentPostprocessing = 0;
		};
/* End PBXFrameworksBuildPhase section */

/* Begin PBXGroup section */
		000913702DD7BA2B008A70D2 /* Service */ = {
			isa = PBXGroup;
			children = (
				00BAB5D82DDB89B6007D3884 /* JSONCache */,
				00BAB5D72DDB89AB007D3884 /* APIService */,
				000913762DD7BAF2008A70D2 /* CommonService.swift */,
			);
			path = Service;
			sourceTree = "<group>";
		};
		000913712DD7BA53008A70D2 /* View */ = {
			isa = PBXGroup;
			children = (
				008B51342DDAB4A30023EA6D /* EmptyState */,
				008147C82DDA65A70036F671 /* Details */,
				008147C72DDA65950036F671 /* Home */,
			);
			path = View;
			sourceTree = "<group>";
		};
		000913722DD7BA5A008A70D2 /* ViewModel */ = {
			isa = PBXGroup;
			children = (
				00D9ED842DD8CD090071B9D6 /* MovieListViewModel.swift */,
			);
			path = ViewModel;
			sourceTree = "<group>";
		};
		000913732DD7BA65008A70D2 /* Model */ = {
			isa = PBXGroup;
			children = (
				000913782DD7BC8C008A70D2 /* MovieAPIModel.swift */,
				00D9ED7E2DD7E1980071B9D6 /* MovieViewModel.swift */,
			);
			path = Model;
			sourceTree = "<group>";
		};
		008147C72DDA65950036F671 /* Home */ = {
			isa = PBXGroup;
			children = (
				00D9ED7C2DD7D67E0071B9D6 /* MovieItemView.swift */,
				00D9ED802DD7E3D40071B9D6 /* MovieTableViewCell.swift */,
				00D9ED822DD8C9D80071B9D6 /* MovieListViewController.swift */,
			);
			path = Home;
			sourceTree = "<group>";
		};
		008147C82DDA65A70036F671 /* Details */ = {
			isa = PBXGroup;
			children = (
				008147C92DDA66BE0036F671 /* MovieDetailViewController.swift */,
				008147CB2DDA6DB60036F671 /* MovieDetailContentView.swift */,
			);
			path = Details;
			sourceTree = "<group>";
		};
		008147CD2DDA71360036F671 /* Coordinator */ = {
			isa = PBXGroup;
			children = (
				008147CE2DDA71D10036F671 /* Coordinator.swift */,
				008147D02DDA72340036F671 /* MovieListCoordinator.swift */,
			);
			path = Coordinator;
			sourceTree = "<group>";
		};
		008B51342DDAB4A30023EA6D /* EmptyState */ = {
			isa = PBXGroup;
			children = (
				008B51352DDAB4BD0023EA6D /* EmptyStateView.swift */,
			);
			path = EmptyState;
			sourceTree = "<group>";
		};
		008B51372DDABA2C0023EA6D /* Resource */ = {
			isa = PBXGroup;
			children = (
				008B51382DDABA3D0023EA6D /* ViewState.swift */,
				008B513A2DDABAE50023EA6D /* StateViewManager.swift */,
				007903622DDB650500515AB5 /* DetailStateViewManager.swift */,
			);
			path = Resource;
			sourceTree = "<group>";
		};
		009295392DD7B26E00057884 = {
			isa = PBXGroup;
			children = (
				009295442DD7B26F00057884 /* StudioGhibliApp */,
				009295432DD7B26F00057884 /* Products */,
			);
			sourceTree = "<group>";
		};
		009295432DD7B26F00057884 /* Products */ = {
			isa = PBXGroup;
			children = (
				009295422DD7B26F00057884 /* StudioGhibliApp.app */,
			);
			name = Products;
			sourceTree = "<group>";
		};
		009295442DD7B26F00057884 /* StudioGhibliApp */ = {
			isa = PBXGroup;
			children = (
				008B51372DDABA2C0023EA6D /* Resource */,
				008147CD2DDA71360036F671 /* Coordinator */,
				000913722DD7BA5A008A70D2 /* ViewModel */,
				000913712DD7BA53008A70D2 /* View */,
				000913732DD7BA65008A70D2 /* Model */,
				000913702DD7BA2B008A70D2 /* Service */,
				009295452DD7B26F00057884 /* AppDelegate.swift */,
				009295472DD7B26F00057884 /* SceneDelegate.swift */,
				0092954E2DD7B27100057884 /* Assets.xcassets */,
				009295532DD7B27100057884 /* Info.plist */,
				00AC567B2DDAB086005400C2 /* UIView+Extension.swift */,
			);
			path = StudioGhibliApp;
			sourceTree = "<group>";
		};
		00BAB5D72DDB89AB007D3884 /* APIService */ = {
			isa = PBXGroup;
			children = (
				000913742DD7BA9B008A70D2 /* APIService.swift */,
			);
			path = APIService;
			sourceTree = "<group>";
		};
		00BAB5D82DDB89B6007D3884 /* JSONCache */ = {
			isa = PBXGroup;
			children = (
				00BAB5D92DDB89CE007D3884 /* JSONCache.swift */,
				00BAB5DB2DDBEC44007D3884 /* MovieDetailCache.swift */,
			);
			path = JSONCache;
			sourceTree = "<group>";
		};
/* End PBXGroup section */

/* Begin PBXNativeTarget section */
		009295412DD7B26E00057884 /* StudioGhibliApp */ = {
			isa = PBXNativeTarget;
			buildConfigurationList = 009295562DD7B27100057884 /* Build configuration list for PBXNativeTarget "StudioGhibliApp" */;
			buildPhases = (
				0092953E2DD7B26E00057884 /* Sources */,
				0092953F2DD7B26E00057884 /* Frameworks */,
				009295402DD7B26E00057884 /* Resources */,
			);
			buildRules = (
			);
			dependencies = (
			);
			name = StudioGhibliApp;
			productName = StudioGhibliApp;
			productReference = 009295422DD7B26F00057884 /* StudioGhibliApp.app */;
			productType = "com.apple.product-type.application";
		};
/* End PBXNativeTarget section */

/* Begin PBXProject section */
		0092953A2DD7B26E00057884 /* Project object */ = {
			isa = PBXProject;
			attributes = {
				BuildIndependentTargetsInParallel = 1;
				LastSwiftUpdateCheck = 1420;
				LastUpgradeCheck = 1420;
				TargetAttributes = {
					009295412DD7B26E00057884 = {
						CreatedOnToolsVersion = 14.2;
					};
				};
			};
			buildConfigurationList = 0092953D2DD7B26E00057884 /* Build configuration list for PBXProject "StudioGhibliApp" */;
			compatibilityVersion = "Xcode 14.0";
			developmentRegion = en;
			hasScannedForEncodings = 0;
			knownRegions = (
				en,
				Base,
			);
			mainGroup = 009295392DD7B26E00057884;
			productRefGroup = 009295432DD7B26F00057884 /* Products */;
			projectDirPath = "";
			projectRoot = "";
			targets = (
				009295412DD7B26E00057884 /* StudioGhibliApp */,
			);
		};
/* End PBXProject section */

/* Begin PBXResourcesBuildPhase section */
		009295402DD7B26E00057884 /* Resources */ = {
			isa = PBXResourcesBuildPhase;
			buildActionMask = 2147483647;
			files = (
				0092954F2DD7B27100057884 /* Assets.xcassets in Resources */,
			);
			runOnlyForDeploymentPostprocessing = 0;
		};
/* End PBXResourcesBuildPhase section */

/* Begin PBXSourcesBuildPhase section */
		0092953E2DD7B26E00057884 /* Sources */ = {
			isa = PBXSourcesBuildPhase;
			buildActionMask = 2147483647;
			files = (
				00D9ED832DD8C9D80071B9D6 /* MovieListViewController.swift in Sources */,
				00D9ED7D2DD7D67E0071B9D6 /* MovieItemView.swift in Sources */,
				008147CF2DDA71D20036F671 /* Coordinator.swift in Sources */,
				00AC567C2DDAB086005400C2 /* UIView+Extension.swift in Sources */,
				008B513B2DDABAE50023EA6D /* StateViewManager.swift in Sources */,
				00D9ED812DD7E3D40071B9D6 /* MovieTableViewCell.swift in Sources */,
				009295462DD7B26F00057884 /* AppDelegate.swift in Sources */,
				000913752DD7BA9B008A70D2 /* APIService.swift in Sources */,
				000913772DD7BAF2008A70D2 /* CommonService.swift in Sources */,
				00D9ED852DD8CD090071B9D6 /* MovieListViewModel.swift in Sources */,
				000913792DD7BC8C008A70D2 /* MovieAPIModel.swift in Sources */,
				008B51362DDAB4BD0023EA6D /* EmptyStateView.swift in Sources */,
				00BAB5DA2DDB89CE007D3884 /* JSONCache.swift in Sources */,
				008147D12DDA72340036F671 /* MovieListCoordinator.swift in Sources */,
				008147CC2DDA6DB60036F671 /* MovieDetailContentView.swift in Sources */,
				009295482DD7B26F00057884 /* SceneDelegate.swift in Sources */,
				00BAB5DC2DDBEC44007D3884 /* MovieDetailCache.swift in Sources */,
				008147CA2DDA66BE0036F671 /* MovieDetailViewController.swift in Sources */,
				007903632DDB650600515AB5 /* DetailStateViewManager.swift in Sources */,
				008B51392DDABA3D0023EA6D /* ViewState.swift in Sources */,
				00D9ED7F2DD7E1980071B9D6 /* MovieViewModel.swift in Sources */,
			);
			runOnlyForDeploymentPostprocessing = 0;
		};
/* End PBXSourcesBuildPhase section */

/* Begin XCBuildConfiguration section */
		009295542DD7B27100057884 /* Debug */ = {
			isa = XCBuildConfiguration;
			buildSettings = {
				ALWAYS_SEARCH_USER_PATHS = NO;
				CLANG_ANALYZER_NONNULL = YES;
				CLANG_ANALYZER_NUMBER_OBJECT_CONVERSION = YES_AGGRESSIVE;
				CLANG_CXX_LANGUAGE_STANDARD = "gnu++20";
				CLANG_ENABLE_MODULES = YES;
				CLANG_ENABLE_OBJC_ARC = YES;
				CLANG_ENABLE_OBJC_WEAK = YES;
				CLANG_WARN_BLOCK_CAPTURE_AUTORELEASING = YES;
				CLANG_WARN_BOOL_CONVERSION = YES;
				CLANG_WARN_COMMA = YES;
				CLANG_WARN_CONSTANT_CONVERSION = YES;
				CLANG_WARN_DEPRECATED_OBJC_IMPLEMENTATIONS = YES;
				CLANG_WARN_DIRECT_OBJC_ISA_USAGE = YES_ERROR;
				CLANG_WARN_DOCUMENTATION_COMMENTS = YES;
				CLANG_WARN_EMPTY_BODY = YES;
				CLANG_WARN_ENUM_CONVERSION = YES;
				CLANG_WARN_INFINITE_RECURSION = YES;
				CLANG_WARN_INT_CONVERSION = YES;
				CLANG_WARN_NON_LITERAL_NULL_CONVERSION = YES;
				CLANG_WARN_OBJC_IMPLICIT_RETAIN_SELF = YES;
				CLANG_WARN_OBJC_LITERAL_CONVERSION = YES;
				CLANG_WARN_OBJC_ROOT_CLASS = YES_ERROR;
				CLANG_WARN_QUOTED_INCLUDE_IN_FRAMEWORK_HEADER = YES;
				CLANG_WARN_RANGE_LOOP_ANALYSIS = YES;
				CLANG_WARN_STRICT_PROTOTYPES = YES;
				CLANG_WARN_SUSPICIOUS_MOVE = YES;
				CLANG_WARN_UNGUARDED_AVAILABILITY = YES_AGGRESSIVE;
				CLANG_WARN_UNREACHABLE_CODE = YES;
				CLANG_WARN__DUPLICATE_METHOD_MATCH = YES;
				COPY_PHASE_STRIP = NO;
				DEBUG_INFORMATION_FORMAT = dwarf;
				ENABLE_STRICT_OBJC_MSGSEND = YES;
				ENABLE_TESTABILITY = YES;
				GCC_C_LANGUAGE_STANDARD = gnu11;
				GCC_DYNAMIC_NO_PIC = NO;
				GCC_NO_COMMON_BLOCKS = YES;
				GCC_OPTIMIZATION_LEVEL = 0;
				GCC_PREPROCESSOR_DEFINITIONS = (
					"DEBUG=1",
					"$(inherited)",
				);
				GCC_WARN_64_TO_32_BIT_CONVERSION = YES;
				GCC_WARN_ABOUT_RETURN_TYPE = YES_ERROR;
				GCC_WARN_UNDECLARED_SELECTOR = YES;
				GCC_WARN_UNINITIALIZED_AUTOS = YES_AGGRESSIVE;
				GCC_WARN_UNUSED_FUNCTION = YES;
				GCC_WARN_UNUSED_VARIABLE = YES;
				IPHONEOS_DEPLOYMENT_TARGET = 16.2;
				MTL_ENABLE_DEBUG_INFO = INCLUDE_SOURCE;
				MTL_FAST_MATH = YES;
				ONLY_ACTIVE_ARCH = YES;
				SDKROOT = iphoneos;
				SWIFT_ACTIVE_COMPILATION_CONDITIONS = DEBUG;
				SWIFT_OPTIMIZATION_LEVEL = "-Onone";
			};
			name = Debug;
		};
		009295552DD7B27100057884 /* Release */ = {
			isa = XCBuildConfiguration;
			buildSettings = {
				ALWAYS_SEARCH_USER_PATHS = NO;
				CLANG_ANALYZER_NONNULL = YES;
				CLANG_ANALYZER_NUMBER_OBJECT_CONVERSION = YES_AGGRESSIVE;
				CLANG_CXX_LANGUAGE_STANDARD = "gnu++20";
				CLANG_ENABLE_MODULES = YES;
				CLANG_ENABLE_OBJC_ARC = YES;
				CLANG_ENABLE_OBJC_WEAK = YES;
				CLANG_WARN_BLOCK_CAPTURE_AUTORELEASING = YES;
				CLANG_WARN_BOOL_CONVERSION = YES;
				CLANG_WARN_COMMA = YES;
				CLANG_WARN_CONSTANT_CONVERSION = YES;
				CLANG_WARN_DEPRECATED_OBJC_IMPLEMENTATIONS = YES;
				CLANG_WARN_DIRECT_OBJC_ISA_USAGE = YES_ERROR;
				CLANG_WARN_DOCUMENTATION_COMMENTS = YES;
				CLANG_WARN_EMPTY_BODY = YES;
				CLANG_WARN_ENUM_CONVERSION = YES;
				CLANG_WARN_INFINITE_RECURSION = YES;
				CLANG_WARN_INT_CONVERSION = YES;
				CLANG_WARN_NON_LITERAL_NULL_CONVERSION = YES;
				CLANG_WARN_OBJC_IMPLICIT_RETAIN_SELF = YES;
				CLANG_WARN_OBJC_LITERAL_CONVERSION = YES;
				CLANG_WARN_OBJC_ROOT_CLASS = YES_ERROR;
				CLANG_WARN_QUOTED_INCLUDE_IN_FRAMEWORK_HEADER = YES;
				CLANG_WARN_RANGE_LOOP_ANALYSIS = YES;
				CLANG_WARN_STRICT_PROTOTYPES = YES;
				CLANG_WARN_SUSPICIOUS_MOVE = YES;
				CLANG_WARN_UNGUARDED_AVAILABILITY = YES_AGGRESSIVE;
				CLANG_WARN_UNREACHABLE_CODE = YES;
				CLANG_WARN__DUPLICATE_METHOD_MATCH = YES;
				COPY_PHASE_STRIP = NO;
				DEBUG_INFORMATION_FORMAT = "dwarf-with-dsym";
				ENABLE_NS_ASSERTIONS = NO;
				ENABLE_STRICT_OBJC_MSGSEND = YES;
				GCC_C_LANGUAGE_STANDARD = gnu11;
				GCC_NO_COMMON_BLOCKS = YES;
				GCC_WARN_64_TO_32_BIT_CONVERSION = YES;
				GCC_WARN_ABOUT_RETURN_TYPE = YES_ERROR;
				GCC_WARN_UNDECLARED_SELECTOR = YES;
				GCC_WARN_UNINITIALIZED_AUTOS = YES_AGGRESSIVE;
				GCC_WARN_UNUSED_FUNCTION = YES;
				GCC_WARN_UNUSED_VARIABLE = YES;
				IPHONEOS_DEPLOYMENT_TARGET = 16.2;
				MTL_ENABLE_DEBUG_INFO = NO;
				MTL_FAST_MATH = YES;
				SDKROOT = iphoneos;
				SWIFT_COMPILATION_MODE = wholemodule;
				SWIFT_OPTIMIZATION_LEVEL = "-O";
				VALIDATE_PRODUCT = YES;
			};
			name = Release;
		};
		009295572DD7B27100057884 /* Debug */ = {
			isa = XCBuildConfiguration;
			buildSettings = {
				ASSETCATALOG_COMPILER_APPICON_NAME = AppIcon;
				ASSETCATALOG_COMPILER_GLOBAL_ACCENT_COLOR_NAME = AccentColor;
				CODE_SIGN_STYLE = Automatic;
				CURRENT_PROJECT_VERSION = 1;
				GENERATE_INFOPLIST_FILE = YES;
				INFOPLIST_FILE = StudioGhibliApp/Info.plist;
				INFOPLIST_KEY_LSApplicationCategoryType = "public.app-category.entertainment";
				INFOPLIST_KEY_UIApplicationSupportsIndirectInputEvents = YES;
				INFOPLIST_KEY_UILaunchStoryboardName = LaunchScreen;
				INFOPLIST_KEY_UIMainStoryboardFile = "";
				INFOPLIST_KEY_UIStatusBarStyle = "";
				INFOPLIST_KEY_UISupportedInterfaceOrientations = UIInterfaceOrientationPortrait;
				INFOPLIST_KEY_UISupportedInterfaceOrientations_iPad = "UIInterfaceOrientationLandscapeLeft UIInterfaceOrientationLandscapeRight UIInterfaceOrientationPortrait UIInterfaceOrientationPortraitUpsideDown";
				LD_RUNPATH_SEARCH_PATHS = (
					"$(inherited)",
					"@executable_path/Frameworks",
				);
				MARKETING_VERSION = 1.0;
				PRODUCT_BUNDLE_IDENTIFIER = biancabutti.StudioGhibliApp;
				PRODUCT_NAME = "$(TARGET_NAME)";
				SUPPORTED_PLATFORMS = "iphoneos iphonesimulator";
				SUPPORTS_MACCATALYST = NO;
				SUPPORTS_MAC_DESIGNED_FOR_IPHONE_IPAD = NO;
				SWIFT_EMIT_LOC_STRINGS = YES;
				SWIFT_VERSION = 5.0;
				TARGETED_DEVICE_FAMILY = 1;
			};
			name = Debug;
		};
		009295582DD7B27100057884 /* Release */ = {
			isa = XCBuildConfiguration;
			buildSettings = {
				ASSETCATALOG_COMPILER_APPICON_NAME = AppIcon;
				ASSETCATALOG_COMPILER_GLOBAL_ACCENT_COLOR_NAME = AccentColor;
				CODE_SIGN_STYLE = Automatic;
				CURRENT_PROJECT_VERSION = 1;
				GENERATE_INFOPLIST_FILE = YES;
				INFOPLIST_FILE = StudioGhibliApp/Info.plist;
				INFOPLIST_KEY_LSApplicationCategoryType = "public.app-category.entertainment";
				INFOPLIST_KEY_UIApplicationSupportsIndirectInputEvents = YES;
				INFOPLIST_KEY_UILaunchStoryboardName = LaunchScreen;
				INFOPLIST_KEY_UIMainStoryboardFile = "";
				INFOPLIST_KEY_UIStatusBarStyle = "";
				INFOPLIST_KEY_UISupportedInterfaceOrientations = UIInterfaceOrientationPortrait;
				INFOPLIST_KEY_UISupportedInterfaceOrientations_iPad = "UIInterfaceOrientationLandscapeLeft UIInterfaceOrientationLandscapeRight UIInterfaceOrientationPortrait UIInterfaceOrientationPortraitUpsideDown";
				LD_RUNPATH_SEARCH_PATHS = (
					"$(inherited)",
					"@executable_path/Frameworks",
				);
				MARKETING_VERSION = 1.0;
				PRODUCT_BUNDLE_IDENTIFIER = biancabutti.StudioGhibliApp;
				PRODUCT_NAME = "$(TARGET_NAME)";
				SUPPORTED_PLATFORMS = "iphoneos iphonesimulator";
				SUPPORTS_MACCATALYST = NO;
				SUPPORTS_MAC_DESIGNED_FOR_IPHONE_IPAD = NO;
				SWIFT_EMIT_LOC_STRINGS = YES;
				SWIFT_VERSION = 5.0;
				TARGETED_DEVICE_FAMILY = 1;
			};
			name = Release;
		};
/* End XCBuildConfiguration section */

/* Begin XCConfigurationList section */
		0092953D2DD7B26E00057884 /* Build configuration list for PBXProject "StudioGhibliApp" */ = {
			isa = XCConfigurationList;
			buildConfigurations = (
				009295542DD7B27100057884 /* Debug */,
				009295552DD7B27100057884 /* Release */,
			);
			defaultConfigurationIsVisible = 0;
			defaultConfigurationName = Release;
		};
		009295562DD7B27100057884 /* Build configuration list for PBXNativeTarget "StudioGhibliApp" */ = {
			isa = XCConfigurationList;
			buildConfigurations = (
				009295572DD7B27100057884 /* Debug */,
				009295582DD7B27100057884 /* Release */,
			);
			defaultConfigurationIsVisible = 0;
			defaultConfigurationName = Release;
		};
/* End XCConfigurationList section */
	};
	rootObject = 0092953A2DD7B26E00057884 /* Project object */;
}
